
Microsoft Visual Studio Solution File, Format Version 12.00
# Visual Studio 15
VisualStudioVersion = 15.0.28307.902
MinimumVisualStudioVersion = 10.0.40219.1
Project("{FAE04EC0-301F-11D3-BF4B-00C04F79EFBC}") = "WinFormUI", "WinFormUI\WinFormUI.csproj", "{18F26B58-7ED9-4A5F-9D55-19D8A07099B2}"
EndProject
Project("{FAE04EC0-301F-11D3-BF4B-00C04F79EFBC}") = "DemoLibrary", "DemoLibrary\DemoLibrary.csproj", "{3ED7808C-A17D-461C-BC5C-78D3F3E65449}"
EndProject
Global
	GlobalSection(SolutionConfigurationPlatforms) = preSolution
		Debug|Any CPU = Debug|Any CPU
		Release|Any CPU = Release|Any CPU
	EndGlobalSection
	GlobalSection(ProjectConfigurationPlatforms) = postSolution
		{18F26B58-7ED9-4A5F-9D55-19D8A07099B2}.Debug|Any CPU.ActiveCfg = Debug|Any CPU
		{18F26B58-7ED9-4A5F-9D55-19D8A07099B2}.Debug|Any CPU.Build.0 = Debug|Any CPU
		{18F26B58-7ED9-4A5F-9D55-19D8A07099B2}.Release|Any CPU.ActiveCfg = Release|Any CPU
		{18F26B58-7ED9-4A5F-9D55-19D8A07099B2}.Release|Any CPU.Build.0 = Release|Any CPU
		{3ED7808C-A17D-461C-BC5C-78D3F3E65449}.Debug|Any CPU.ActiveCfg = Debug|Any CPU
		{3ED7808C-A17D-461C-BC5C-78D3F3E65449}.Debug|Any CPU.Build.0 = Debug|Any CPU
		{3ED7808C-A17D-461C-BC5C-78D3F3E65449}.Release|Any CPU.ActiveCfg = Release|Any CPU
		{3ED7808C-A17D-461C-BC5C-78D3F3E65449}.Release|Any CPU.Build.0 = Release|Any CPU
	EndGlobalSection
	GlobalSection(SolutionProperties) = preSolution
		HideSolutionNode = FALSE
	EndGlobalSection
	GlobalSection(ExtensibilityGlobals) = postSolution
		SolutionGuid = {E7C0083A-67B7-4731-8C98-7AD1B0CF2EA8}
	EndGlobalSection
EndGlobal
